{
  "nodes": {
    "flake-utils": {
      "locked": {
        "lastModified": 1644229661,
        "narHash": "sha256-1YdnJAsNy69bpcjuoKdOYQX0YxZBiCYZo4Twxerqv7k=",
        "owner": "numtide",
        "repo": "flake-utils",
        "rev": "3cecb5b042f7f209c56ffd8371b2711a290ec797",
        "type": "github"
      },
      "original": {
        "owner": "numtide",
        "repo": "flake-utils",
        "type": "github"
      }
    },
    "nixpkgs": {
      "flake": false,
      "locked": {
        "narHash": "sha256-1ycrr9HMrGA3ZDM8qmKcZICBupE5UShnIIhPRWdvAzA=",
        "type": "tarball",
        "url": "https://github.com/NixOS/nixpkgs/archive/a9eb3eed170fa916e0a8364e5227ee661af76fde.tar.gz"
      },
      "original": {
        "type": "tarball",
        "url": "https://github.com/NixOS/nixpkgs/archive/a9eb3eed170fa916e0a8364e5227ee661af76fde.tar.gz"
      }
    },
    "root": {
      "inputs": {
        "flake-utils": "flake-utils",
        "nixpkgs": "nixpkgs"
      }
    }
  },
  "root": "root",
  "version": 7
}
